
Microsoft Visual Studio Solution File, Format Version 12.00
# Visual Studio Version 16
VisualStudioVersion = 16.0.29709.97
MinimumVisualStudioVersion = 10.0.40219.1
Project("{FAE04EC0-301F-11D3-BF4B-00C04F79EFBC}") = "ezFriendOrganizerApp.UI", "ezFriendOrganizerApp.UI\ezFriendOrganizerApp.UI.csproj", "{63085C09-51C0-4A69-B794-68C07B9BD4C3}"
EndProject
Project("{FAE04EC0-301F-11D3-BF4B-00C04F79EFBC}") = "ezFriendOrganizerApp.DataAcess", "ezFriendOrganizerApp.DataAcess\ezFriendOrganizerApp.DataAcess.csproj", "{8A5114CB-AAA1-454A-85EA-2933A52C10FC}"
EndProject
Project("{FAE04EC0-301F-11D3-BF4B-00C04F79EFBC}") = "ezFriendOrganizerApp.Model", "ezFriendOrganizerApp.Model\ezFriendOrganizerApp.Model.csproj", "{5F44A909-55FD-4E97-AD3E-5D2C733D0F96}"
EndProject
Global
	GlobalSection(SolutionConfigurationPlatforms) = preSolution
		Debug|Any CPU = Debug|Any CPU
		Release|Any CPU = Release|Any CPU
	EndGlobalSection
	GlobalSection(ProjectConfigurationPlatforms) = postSolution
		{63085C09-51C0-4A69-B794-68C07B9BD4C3}.Debug|Any CPU.ActiveCfg = Debug|Any CPU
		{63085C09-51C0-4A69-B794-68C07B9BD4C3}.Debug|Any CPU.Build.0 = Debug|Any CPU
		{63085C09-51C0-4A69-B794-68C07B9BD4C3}.Release|Any CPU.ActiveCfg = Release|Any CPU
		{63085C09-51C0-4A69-B794-68C07B9BD4C3}.Release|Any CPU.Build.0 = Release|Any CPU
		{8A5114CB-AAA1-454A-85EA-2933A52C10FC}.Debug|Any CPU.ActiveCfg = Debug|Any CPU
		{8A5114CB-AAA1-454A-85EA-2933A52C10FC}.Debug|Any CPU.Build.0 = Debug|Any CPU
		{8A5114CB-AAA1-454A-85EA-2933A52C10FC}.Release|Any CPU.ActiveCfg = Release|Any CPU
		{8A5114CB-AAA1-454A-85EA-2933A52C10FC}.Release|Any CPU.Build.0 = Release|Any CPU
		{5F44A909-55FD-4E97-AD3E-5D2C733D0F96}.Debug|Any CPU.ActiveCfg = Debug|Any CPU
		{5F44A909-55FD-4E97-AD3E-5D2C733D0F96}.Debug|Any CPU.Build.0 = Debug|Any CPU
		{5F44A909-55FD-4E97-AD3E-5D2C733D0F96}.Release|Any CPU.ActiveCfg = Release|Any CPU
		{5F44A909-55FD-4E97-AD3E-5D2C733D0F96}.Release|Any CPU.Build.0 = Release|Any CPU
	EndGlobalSection
	GlobalSection(SolutionProperties) = preSolution
		HideSolutionNode = FALSE
	EndGlobalSection
	GlobalSection(ExtensibilityGlobals) = postSolution
		SolutionGuid = {0A4EF711-467E-402A-ACA7-F1CDD2C4B013}
	EndGlobalSection
EndGlobal
